{
  "version": 4,
  "terraform_version": "1.4.6",
  "serial": 531,
  "lineage": "896d3bb3-d232-a6b0-b8bc-2b3122d36d46",
  "outputs": {},
  "resources": [
    {
      "module": "module.network.module.vpc",
      "mode": "managed",
      "type": "aws_internet_gateway",
      "name": "this",
      "provider": "provider[\"registry.terraform.io/hashicorp/aws\"]",
      "instances": [
        {
          "index_key": 0,
          "schema_version": 0,
          "attributes": {
            "arn": "arn:aws:ec2:eu-west-2:723077234836:internet-gateway/igw-08c30947df6708abf",
            "id": "igw-08c30947df6708abf",
            "owner_id": "723077234836",
            "tags": {
              "Environment": "dev",
              "Name": "tt-final-project",
              "Terraform": "true"
            },
            "tags_all": {
              "Environment": "dev",
              "Name": "tt-final-project",
              "Terraform": "true"
            },
            "timeouts": null,
            "vpc_id": "vpc-090f276f297dbf589"
          },
          "sensitive_attributes": [],
          "private": "eyJlMmJmYjczMC1lY2FhLTExZTYtOGY4OC0zNDM2M2JjN2M0YzAiOnsiY3JlYXRlIjoxMjAwMDAwMDAwMDAwLCJkZWxldGUiOjEyMDAwMDAwMDAwMDAsInVwZGF0ZSI6MTIwMDAwMDAwMDAwMH19",
          "dependencies": [
            "module.network.module.vpc.aws_vpc.this",
            "module.network.module.vpc.aws_vpc_ipv4_cidr_block_association.this"
          ]
        }
      ]
    },
    {
      "module": "module.network.module.vpc",
      "mode": "managed",
      "type": "aws_subnet",
      "name": "public",
      "provider": "provider[\"registry.terraform.io/hashicorp/aws\"]",
      "instances": [
        {
          "index_key": 0,
          "schema_version": 1,
          "attributes": {
            "arn": "arn:aws:ec2:eu-west-2:723077234836:subnet/subnet-037f4a09117bacf34",
            "assign_ipv6_address_on_creation": false,
            "availability_zone": "eu-west-2a",
            "availability_zone_id": "euw2-az2",
            "cidr_block": "10.0.101.0/24",
            "customer_owned_ipv4_pool": "",
            "enable_dns64": false,
            "enable_lni_at_device_index": 0,
            "enable_resource_name_dns_a_record_on_launch": false,
            "enable_resource_name_dns_aaaa_record_on_launch": false,
            "id": "subnet-037f4a09117bacf34",
            "ipv6_cidr_block": "",
            "ipv6_cidr_block_association_id": "",
            "ipv6_native": false,
            "map_customer_owned_ip_on_launch": false,
            "map_public_ip_on_launch": false,
            "outpost_arn": "",
            "owner_id": "723077234836",
            "private_dns_hostname_type_on_launch": "ip-name",
            "tags": {
              "Environment": "dev",
              "Name": "tt-final-project-public-eu-west-2a",
              "Terraform": "true",
              "kubernetes.io/cluster/tt-project-cluster": "shared",
              "kubernetes.io/role/elb": "1"
            },
            "tags_all": {
              "Environment": "dev",
              "Name": "tt-final-project-public-eu-west-2a",
              "Terraform": "true",
              "kubernetes.io/cluster/tt-project-cluster": "shared",
              "kubernetes.io/role/elb": "1"
            },
            "timeouts": null,
            "vpc_id": "vpc-090f276f297dbf589"
          },
          "sensitive_attributes": [],
          "private": "eyJlMmJmYjczMC1lY2FhLTExZTYtOGY4OC0zNDM2M2JjN2M0YzAiOnsiY3JlYXRlIjo2MDAwMDAwMDAwMDAsImRlbGV0ZSI6MTIwMDAwMDAwMDAwMH0sInNjaGVtYV92ZXJzaW9uIjoiMSJ9",
          "dependencies": [
            "module.network.module.vpc.aws_vpc.this",
            "module.network.module.vpc.aws_vpc_ipv4_cidr_block_association.this"
          ]
        },
        {
          "index_key": 1,
          "schema_version": 1,
          "attributes": {
            "arn": "arn:aws:ec2:eu-west-2:723077234836:subnet/subnet-0b3c7255ba4480ca6",
            "assign_ipv6_address_on_creation": false,
            "availability_zone": "eu-west-2b",
            "availability_zone_id": "euw2-az3",
            "cidr_block": "10.0.102.0/24",
            "customer_owned_ipv4_pool": "",
            "enable_dns64": false,
            "enable_lni_at_device_index": 0,
            "enable_resource_name_dns_a_record_on_launch": false,
            "enable_resource_name_dns_aaaa_record_on_launch": false,
            "id": "subnet-0b3c7255ba4480ca6",
            "ipv6_cidr_block": "",
            "ipv6_cidr_block_association_id": "",
            "ipv6_native": false,
            "map_customer_owned_ip_on_launch": false,
            "map_public_ip_on_launch": false,
            "outpost_arn": "",
            "owner_id": "723077234836",
            "private_dns_hostname_type_on_launch": "ip-name",
            "tags": {
              "Environment": "dev",
              "Name": "tt-final-project-public-eu-west-2b",
              "Terraform": "true",
              "kubernetes.io/cluster/tt-project-cluster": "shared",
              "kubernetes.io/role/elb": "1"
            },
            "tags_all": {
              "Environment": "dev",
              "Name": "tt-final-project-public-eu-west-2b",
              "Terraform": "true",
              "kubernetes.io/cluster/tt-project-cluster": "shared",
              "kubernetes.io/role/elb": "1"
            },
            "timeouts": null,
            "vpc_id": "vpc-090f276f297dbf589"
          },
          "sensitive_attributes": [],
          "private": "eyJlMmJmYjczMC1lY2FhLTExZTYtOGY4OC0zNDM2M2JjN2M0YzAiOnsiY3JlYXRlIjo2MDAwMDAwMDAwMDAsImRlbGV0ZSI6MTIwMDAwMDAwMDAwMH0sInNjaGVtYV92ZXJzaW9uIjoiMSJ9",
          "dependencies": [
            "module.network.module.vpc.aws_vpc.this",
            "module.network.module.vpc.aws_vpc_ipv4_cidr_block_association.this"
          ]
        },
        {
          "index_key": 2,
          "schema_version": 1,
          "attributes": {
            "arn": "arn:aws:ec2:eu-west-2:723077234836:subnet/subnet-0f695db14d977b8d3",
            "assign_ipv6_address_on_creation": false,
            "availability_zone": "eu-west-2c",
            "availability_zone_id": "euw2-az1",
            "cidr_block": "10.0.103.0/24",
            "customer_owned_ipv4_pool": "",
            "enable_dns64": false,
            "enable_lni_at_device_index": 0,
            "enable_resource_name_dns_a_record_on_launch": false,
            "enable_resource_name_dns_aaaa_record_on_launch": false,
            "id": "subnet-0f695db14d977b8d3",
            "ipv6_cidr_block": "",
            "ipv6_cidr_block_association_id": "",
            "ipv6_native": false,
            "map_customer_owned_ip_on_launch": false,
            "map_public_ip_on_launch": false,
            "outpost_arn": "",
            "owner_id": "723077234836",
            "private_dns_hostname_type_on_launch": "ip-name",
            "tags": {
              "Environment": "dev",
              "Name": "tt-final-project-public-eu-west-2c",
              "Terraform": "true",
              "kubernetes.io/cluster/tt-project-cluster": "shared",
              "kubernetes.io/role/elb": "1"
            },
            "tags_all": {
              "Environment": "dev",
              "Name": "tt-final-project-public-eu-west-2c",
              "Terraform": "true",
              "kubernetes.io/cluster/tt-project-cluster": "shared",
              "kubernetes.io/role/elb": "1"
            },
            "timeouts": null,
            "vpc_id": "vpc-090f276f297dbf589"
          },
          "sensitive_attributes": [],
          "private": "eyJlMmJmYjczMC1lY2FhLTExZTYtOGY4OC0zNDM2M2JjN2M0YzAiOnsiY3JlYXRlIjo2MDAwMDAwMDAwMDAsImRlbGV0ZSI6MTIwMDAwMDAwMDAwMH0sInNjaGVtYV92ZXJzaW9uIjoiMSJ9",
          "dependencies": [
            "module.network.module.vpc.aws_vpc.this",
            "module.network.module.vpc.aws_vpc_ipv4_cidr_block_association.this"
          ]
        }
      ]
    },
    {
      "module": "module.network.module.vpc",
      "mode": "managed",
      "type": "aws_vpc",
      "name": "this",
      "provider": "provider[\"registry.terraform.io/hashicorp/aws\"]",
      "instances": [
        {
          "index_key": 0,
          "schema_version": 1,
          "attributes": {
            "arn": "arn:aws:ec2:eu-west-2:723077234836:vpc/vpc-090f276f297dbf589",
            "assign_generated_ipv6_cidr_block": false,
            "cidr_block": "10.0.0.0/16",
            "default_network_acl_id": "acl-056da9628b9a750ee",
            "default_route_table_id": "rtb-047cf749304630192",
            "default_security_group_id": "sg-019fc1841c8cb37eb",
            "dhcp_options_id": "dopt-0b5e1c8120b673fbb",
            "enable_dns_hostnames": true,
            "enable_dns_support": true,
            "enable_network_address_usage_metrics": false,
            "id": "vpc-090f276f297dbf589",
            "instance_tenancy": "default",
            "ipv4_ipam_pool_id": null,
            "ipv4_netmask_length": null,
            "ipv6_association_id": "",
            "ipv6_cidr_block": "",
            "ipv6_cidr_block_network_border_group": "",
            "ipv6_ipam_pool_id": "",
            "ipv6_netmask_length": 0,
            "main_route_table_id": "rtb-047cf749304630192",
            "owner_id": "723077234836",
            "tags": {
              "Environment": "dev",
              "Name": "tt-final-project",
              "Terraform": "true"
            },
            "tags_all": {
              "Environment": "dev",
              "Name": "tt-final-project",
              "Terraform": "true"
            }
          },
          "sensitive_attributes": [],
          "private": "eyJzY2hlbWFfdmVyc2lvbiI6IjEifQ==",
          "create_before_destroy": true
        }
      ]
    }
  ],
  "check_results": null
}
